
Microsoft Visual Studio Solution File, Format Version 12.00
# Visual Studio Version 16
VisualStudioVersion = 16.0.30611.23
MinimumVisualStudioVersion = 15.0.26124.0
Project("{9A19103F-16F7-4668-BE54-9A1E7A4F7556}") = "Todo.Api", "todo.api\Todo.Api.csproj", "{13C6515A-D906-4AAB-B369-15858B748133}"
EndProject
Project("{9A19103F-16F7-4668-BE54-9A1E7A4F7556}") = "Todo.Models", "Todo.Models\Todo.Models.csproj", "{E8E6557E-CDA0-43A0-8F3E-FF7908FD7103}"
EndProject
Project("{9A19103F-16F7-4668-BE54-9A1E7A4F7556}") = "Todo.Data", "Todo.Data\Todo.Data.csproj", "{960A1CF4-1C9A-47B8-AA97-A8FA0B40113D}"
EndProject
Project("{9A19103F-16F7-4668-BE54-9A1E7A4F7556}") = "Todo.Tests", "Todo.Tests\Todo.Tests.csproj", "{D736CDF5-4A16-482B-93F8-C4E14EE12E18}"
EndProject
Project("{FAE04EC0-301F-11D3-BF4B-00C04F79EFBC}") = "Todo.Configuration", "Todo.Configuration\Todo.Configuration.csproj", "{0AC2D5E2-C163-4ABB-8C5F-92F862B7D01E}"
EndProject
Global
	GlobalSection(SolutionConfigurationPlatforms) = preSolution
		Debug|Any CPU = Debug|Any CPU
		Debug|x64 = Debug|x64
		Debug|x86 = Debug|x86
		Release|Any CPU = Release|Any CPU
		Release|x64 = Release|x64
		Release|x86 = Release|x86
	EndGlobalSection
	GlobalSection(ProjectConfigurationPlatforms) = postSolution
		{13C6515A-D906-4AAB-B369-15858B748133}.Debug|Any CPU.ActiveCfg = Debug|Any CPU
		{13C6515A-D906-4AAB-B369-15858B748133}.Debug|Any CPU.Build.0 = Debug|Any CPU
		{13C6515A-D906-4AAB-B369-15858B748133}.Debug|x64.ActiveCfg = Debug|Any CPU
		{13C6515A-D906-4AAB-B369-15858B748133}.Debug|x64.Build.0 = Debug|Any CPU
		{13C6515A-D906-4AAB-B369-15858B748133}.Debug|x86.ActiveCfg = Debug|Any CPU
		{13C6515A-D906-4AAB-B369-15858B748133}.Debug|x86.Build.0 = Debug|Any CPU
		{13C6515A-D906-4AAB-B369-15858B748133}.Release|Any CPU.ActiveCfg = Release|Any CPU
		{13C6515A-D906-4AAB-B369-15858B748133}.Release|Any CPU.Build.0 = Release|Any CPU
		{13C6515A-D906-4AAB-B369-15858B748133}.Release|x64.ActiveCfg = Release|Any CPU
		{13C6515A-D906-4AAB-B369-15858B748133}.Release|x64.Build.0 = Release|Any CPU
		{13C6515A-D906-4AAB-B369-15858B748133}.Release|x86.ActiveCfg = Release|Any CPU
		{13C6515A-D906-4AAB-B369-15858B748133}.Release|x86.Build.0 = Release|Any CPU
		{E8E6557E-CDA0-43A0-8F3E-FF7908FD7103}.Debug|Any CPU.ActiveCfg = Debug|Any CPU
		{E8E6557E-CDA0-43A0-8F3E-FF7908FD7103}.Debug|Any CPU.Build.0 = Debug|Any CPU
		{E8E6557E-CDA0-43A0-8F3E-FF7908FD7103}.Debug|x64.ActiveCfg = Debug|Any CPU
		{E8E6557E-CDA0-43A0-8F3E-FF7908FD7103}.Debug|x64.Build.0 = Debug|Any CPU
		{E8E6557E-CDA0-43A0-8F3E-FF7908FD7103}.Debug|x86.ActiveCfg = Debug|Any CPU
		{E8E6557E-CDA0-43A0-8F3E-FF7908FD7103}.Debug|x86.Build.0 = Debug|Any CPU
		{E8E6557E-CDA0-43A0-8F3E-FF7908FD7103}.Release|Any CPU.ActiveCfg = Release|Any CPU
		{E8E6557E-CDA0-43A0-8F3E-FF7908FD7103}.Release|Any CPU.Build.0 = Release|Any CPU
		{E8E6557E-CDA0-43A0-8F3E-FF7908FD7103}.Release|x64.ActiveCfg = Release|Any CPU
		{E8E6557E-CDA0-43A0-8F3E-FF7908FD7103}.Release|x64.Build.0 = Release|Any CPU
		{E8E6557E-CDA0-43A0-8F3E-FF7908FD7103}.Release|x86.ActiveCfg = Release|Any CPU
		{E8E6557E-CDA0-43A0-8F3E-FF7908FD7103}.Release|x86.Build.0 = Release|Any CPU
		{960A1CF4-1C9A-47B8-AA97-A8FA0B40113D}.Debug|Any CPU.ActiveCfg = Debug|Any CPU
		{960A1CF4-1C9A-47B8-AA97-A8FA0B40113D}.Debug|Any CPU.Build.0 = Debug|Any CPU
		{960A1CF4-1C9A-47B8-AA97-A8FA0B40113D}.Debug|x64.ActiveCfg = Debug|Any CPU
		{960A1CF4-1C9A-47B8-AA97-A8FA0B40113D}.Debug|x64.Build.0 = Debug|Any CPU
		{960A1CF4-1C9A-47B8-AA97-A8FA0B40113D}.Debug|x86.ActiveCfg = Debug|Any CPU
		{960A1CF4-1C9A-47B8-AA97-A8FA0B40113D}.Debug|x86.Build.0 = Debug|Any CPU
		{960A1CF4-1C9A-47B8-AA97-A8FA0B40113D}.Release|Any CPU.ActiveCfg = Release|Any CPU
		{960A1CF4-1C9A-47B8-AA97-A8FA0B40113D}.Release|Any CPU.Build.0 = Release|Any CPU
		{960A1CF4-1C9A-47B8-AA97-A8FA0B40113D}.Release|x64.ActiveCfg = Release|Any CPU
		{960A1CF4-1C9A-47B8-AA97-A8FA0B40113D}.Release|x64.Build.0 = Release|Any CPU
		{960A1CF4-1C9A-47B8-AA97-A8FA0B40113D}.Release|x86.ActiveCfg = Release|Any CPU
		{960A1CF4-1C9A-47B8-AA97-A8FA0B40113D}.Release|x86.Build.0 = Release|Any CPU
		{D736CDF5-4A16-482B-93F8-C4E14EE12E18}.Debug|Any CPU.ActiveCfg = Debug|Any CPU
		{D736CDF5-4A16-482B-93F8-C4E14EE12E18}.Debug|Any CPU.Build.0 = Debug|Any CPU
		{D736CDF5-4A16-482B-93F8-C4E14EE12E18}.Debug|x64.ActiveCfg = Debug|Any CPU
		{D736CDF5-4A16-482B-93F8-C4E14EE12E18}.Debug|x64.Build.0 = Debug|Any CPU
		{D736CDF5-4A16-482B-93F8-C4E14EE12E18}.Debug|x86.ActiveCfg = Debug|Any CPU
		{D736CDF5-4A16-482B-93F8-C4E14EE12E18}.Debug|x86.Build.0 = Debug|Any CPU
		{D736CDF5-4A16-482B-93F8-C4E14EE12E18}.Release|Any CPU.ActiveCfg = Release|Any CPU
		{D736CDF5-4A16-482B-93F8-C4E14EE12E18}.Release|Any CPU.Build.0 = Release|Any CPU
		{D736CDF5-4A16-482B-93F8-C4E14EE12E18}.Release|x64.ActiveCfg = Release|Any CPU
		{D736CDF5-4A16-482B-93F8-C4E14EE12E18}.Release|x64.Build.0 = Release|Any CPU
		{D736CDF5-4A16-482B-93F8-C4E14EE12E18}.Release|x86.ActiveCfg = Release|Any CPU
		{D736CDF5-4A16-482B-93F8-C4E14EE12E18}.Release|x86.Build.0 = Release|Any CPU
		{0AC2D5E2-C163-4ABB-8C5F-92F862B7D01E}.Debug|Any CPU.ActiveCfg = Debug|Any CPU
		{0AC2D5E2-C163-4ABB-8C5F-92F862B7D01E}.Debug|Any CPU.Build.0 = Debug|Any CPU
		{0AC2D5E2-C163-4ABB-8C5F-92F862B7D01E}.Debug|x64.ActiveCfg = Debug|Any CPU
		{0AC2D5E2-C163-4ABB-8C5F-92F862B7D01E}.Debug|x64.Build.0 = Debug|Any CPU
		{0AC2D5E2-C163-4ABB-8C5F-92F862B7D01E}.Debug|x86.ActiveCfg = Debug|Any CPU
		{0AC2D5E2-C163-4ABB-8C5F-92F862B7D01E}.Debug|x86.Build.0 = Debug|Any CPU
		{0AC2D5E2-C163-4ABB-8C5F-92F862B7D01E}.Release|Any CPU.ActiveCfg = Release|Any CPU
		{0AC2D5E2-C163-4ABB-8C5F-92F862B7D01E}.Release|Any CPU.Build.0 = Release|Any CPU
		{0AC2D5E2-C163-4ABB-8C5F-92F862B7D01E}.Release|x64.ActiveCfg = Release|Any CPU
		{0AC2D5E2-C163-4ABB-8C5F-92F862B7D01E}.Release|x64.Build.0 = Release|Any CPU
		{0AC2D5E2-C163-4ABB-8C5F-92F862B7D01E}.Release|x86.ActiveCfg = Release|Any CPU
		{0AC2D5E2-C163-4ABB-8C5F-92F862B7D01E}.Release|x86.Build.0 = Release|Any CPU
	EndGlobalSection
	GlobalSection(SolutionProperties) = preSolution
		HideSolutionNode = FALSE
	EndGlobalSection
	GlobalSection(ExtensibilityGlobals) = postSolution
		SolutionGuid = {DACA5D35-8221-447C-B409-2621E3E65258}
	EndGlobalSection
EndGlobal
