
Microsoft Visual Studio Solution File, Format Version 12.00
# Visual Studio Version 16
VisualStudioVersion = 16.0.30611.23
MinimumVisualStudioVersion = 15.0.26124.0
Project("{9A19103F-16F7-4668-BE54-9A1E7A4F7556}") = "Todo.Models", "todo.service\Todo.Models.csproj", "{063E6796-449A-4656-89B8-EF4D046506CC}"
EndProject
Project("{9A19103F-16F7-4668-BE54-9A1E7A4F7556}") = "Todo.Api", "todo.api\Todo.Api.csproj", "{13C6515A-D906-4AAB-B369-15858B748133}"
EndProject
Global
	GlobalSection(SolutionConfigurationPlatforms) = preSolution
		Debug|Any CPU = Debug|Any CPU
		Debug|x64 = Debug|x64
		Debug|x86 = Debug|x86
		Release|Any CPU = Release|Any CPU
		Release|x64 = Release|x64
		Release|x86 = Release|x86
	EndGlobalSection
	GlobalSection(ProjectConfigurationPlatforms) = postSolution
		{063E6796-449A-4656-89B8-EF4D046506CC}.Debug|Any CPU.ActiveCfg = Debug|Any CPU
		{063E6796-449A-4656-89B8-EF4D046506CC}.Debug|Any CPU.Build.0 = Debug|Any CPU
		{063E6796-449A-4656-89B8-EF4D046506CC}.Debug|x64.ActiveCfg = Debug|Any CPU
		{063E6796-449A-4656-89B8-EF4D046506CC}.Debug|x64.Build.0 = Debug|Any CPU
		{063E6796-449A-4656-89B8-EF4D046506CC}.Debug|x86.ActiveCfg = Debug|Any CPU
		{063E6796-449A-4656-89B8-EF4D046506CC}.Debug|x86.Build.0 = Debug|Any CPU
		{063E6796-449A-4656-89B8-EF4D046506CC}.Release|Any CPU.ActiveCfg = Release|Any CPU
		{063E6796-449A-4656-89B8-EF4D046506CC}.Release|Any CPU.Build.0 = Release|Any CPU
		{063E6796-449A-4656-89B8-EF4D046506CC}.Release|x64.ActiveCfg = Release|Any CPU
		{063E6796-449A-4656-89B8-EF4D046506CC}.Release|x64.Build.0 = Release|Any CPU
		{063E6796-449A-4656-89B8-EF4D046506CC}.Release|x86.ActiveCfg = Release|Any CPU
		{063E6796-449A-4656-89B8-EF4D046506CC}.Release|x86.Build.0 = Release|Any CPU
		{13C6515A-D906-4AAB-B369-15858B748133}.Debug|Any CPU.ActiveCfg = Debug|Any CPU
		{13C6515A-D906-4AAB-B369-15858B748133}.Debug|Any CPU.Build.0 = Debug|Any CPU
		{13C6515A-D906-4AAB-B369-15858B748133}.Debug|x64.ActiveCfg = Debug|Any CPU
		{13C6515A-D906-4AAB-B369-15858B748133}.Debug|x64.Build.0 = Debug|Any CPU
		{13C6515A-D906-4AAB-B369-15858B748133}.Debug|x86.ActiveCfg = Debug|Any CPU
		{13C6515A-D906-4AAB-B369-15858B748133}.Debug|x86.Build.0 = Debug|Any CPU
		{13C6515A-D906-4AAB-B369-15858B748133}.Release|Any CPU.ActiveCfg = Release|Any CPU
		{13C6515A-D906-4AAB-B369-15858B748133}.Release|Any CPU.Build.0 = Release|Any CPU
		{13C6515A-D906-4AAB-B369-15858B748133}.Release|x64.ActiveCfg = Release|Any CPU
		{13C6515A-D906-4AAB-B369-15858B748133}.Release|x64.Build.0 = Release|Any CPU
		{13C6515A-D906-4AAB-B369-15858B748133}.Release|x86.ActiveCfg = Release|Any CPU
		{13C6515A-D906-4AAB-B369-15858B748133}.Release|x86.Build.0 = Release|Any CPU
	EndGlobalSection
	GlobalSection(SolutionProperties) = preSolution
		HideSolutionNode = FALSE
	EndGlobalSection
	GlobalSection(ExtensibilityGlobals) = postSolution
		SolutionGuid = {DACA5D35-8221-447C-B409-2621E3E65258}
	EndGlobalSection
EndGlobal
